
Microsoft Visual Studio Solution File, Format Version 12.00
# Visual Studio Version 17
VisualStudioVersion = 17.8.34511.84
MinimumVisualStudioVersion = 10.0.40219.1
Project("{FAE04EC0-301F-11D3-BF4B-00C04F79EFBC}") = "OgrenciTakip", "OgrenciTakip\OgrenciTakip.csproj", "{0706B585-D521-4ABA-BEA3-E43A26110A54}"
EndProject
Global
	GlobalSection(SolutionConfigurationPlatforms) = preSolution
		Debug|Any CPU = Debug|Any CPU
		Release|Any CPU = Release|Any CPU
	EndGlobalSection
	GlobalSection(ProjectConfigurationPlatforms) = postSolution
		{0706B585-D521-4ABA-BEA3-E43A26110A54}.Debug|Any CPU.ActiveCfg = Debug|Any CPU
		{0706B585-D521-4ABA-BEA3-E43A26110A54}.Debug|Any CPU.Build.0 = Debug|Any CPU
		{0706B585-D521-4ABA-BEA3-E43A26110A54}.Release|Any CPU.ActiveCfg = Release|Any CPU
		{0706B585-D521-4ABA-BEA3-E43A26110A54}.Release|Any CPU.Build.0 = Release|Any CPU
	EndGlobalSection
	GlobalSection(SolutionProperties) = preSolution
		HideSolutionNode = FALSE
	EndGlobalSection
	GlobalSection(ExtensibilityGlobals) = postSolution
		SolutionGuid = {01FA5853-A6FC-4262-A892-45F55DA9E78F}
	EndGlobalSection
EndGlobal
